Microsoft Visual Studio Solution File, Format Version 12.00
# Visual Studio Version 17
VisualStudioVersion = 17.13.35825.156
MinimumVisualStudioVersion = 10.0.40219.1
Project("{FAE04EC0-301F-11D3-BF4B-00C04F79EFBC}") = "DienDanThaoLuan", "DienDanThaoLuan\DienDanThaoLuan.csproj", "{7E122760-EE1C-4E66-B71C-B7EBEE8D9332}"
EndProject
Global
	GlobalSection(SolutionConfigurationPlatforms) = preSolution
		Debug|Any CPU = Debug|Any CPU
		Release|Any CPU = Release|Any CPU
	EndGlobalSection
	GlobalSection(ProjectConfigurationPlatforms) = postSolution
		{7E122760-EE1C-4E66-B71C-B7EBEE8D9332}.Debug|Any CPU.ActiveCfg = Debug|Any CPU
		{7E122760-EE1C-4E66-B71C-B7EBEE8D9332}.Debug|Any CPU.Build.0 = Debug|Any CPU
		{7E122760-EE1C-4E66-B71C-B7EBEE8D9332}.Release|Any CPU.ActiveCfg = Release|Any CPU
		{7E122760-EE1C-4E66-B71C-B7EBEE8D9332}.Release|Any CPU.Build.0 = Release|Any CPU
	EndGlobalSection
	GlobalSection(SolutionProperties) = preSolution
		HideSolutionNode = FALSE
	EndGlobalSection
	GlobalSection(ExtensibilityGlobals) = postSolution
		SolutionGuid = {D6B168AF-8401-4B19-8F4B-97C4DCC212F0}
	EndGlobalSection
EndGlobal
